
Microsoft Visual Studio Solution File, Format Version 12.00
# Visual Studio Version 16
VisualStudioVersion = 16.0.29926.136
MinimumVisualStudioVersion = 10.0.40219.1
Project("{FAE04EC0-301F-11D3-BF4B-00C04F79EFBC}") = "Fitnet.MBudzisz.GUI", "Fitnet.MBudzisz.GUI\Fitnet.MBudzisz.GUI.csproj", "{CE486728-7410-41E7-A08D-18671D87DDFB}"
EndProject
Project("{FAE04EC0-301F-11D3-BF4B-00C04F79EFBC}") = "Fitnet.MBudzisz.Utils", "Fitnet.MBudzisz.Utils\Fitnet.MBudzisz.Utils.csproj", "{480BC65F-3A30-4679-A4FE-BE683C9C8511}"
EndProject
Global
	GlobalSection(SolutionConfigurationPlatforms) = preSolution
		Debug|Any CPU = Debug|Any CPU
		Release|Any CPU = Release|Any CPU
	EndGlobalSection
	GlobalSection(ProjectConfigurationPlatforms) = postSolution
		{CE486728-7410-41E7-A08D-18671D87DDFB}.Debug|Any CPU.ActiveCfg = Debug|Any CPU
		{CE486728-7410-41E7-A08D-18671D87DDFB}.Debug|Any CPU.Build.0 = Debug|Any CPU
		{CE486728-7410-41E7-A08D-18671D87DDFB}.Release|Any CPU.ActiveCfg = Release|Any CPU
		{CE486728-7410-41E7-A08D-18671D87DDFB}.Release|Any CPU.Build.0 = Release|Any CPU
		{480BC65F-3A30-4679-A4FE-BE683C9C8511}.Debug|Any CPU.ActiveCfg = Debug|Any CPU
		{480BC65F-3A30-4679-A4FE-BE683C9C8511}.Debug|Any CPU.Build.0 = Debug|Any CPU
		{480BC65F-3A30-4679-A4FE-BE683C9C8511}.Release|Any CPU.ActiveCfg = Release|Any CPU
		{480BC65F-3A30-4679-A4FE-BE683C9C8511}.Release|Any CPU.Build.0 = Release|Any CPU
	EndGlobalSection
	GlobalSection(SolutionProperties) = preSolution
		HideSolutionNode = FALSE
	EndGlobalSection
	GlobalSection(ExtensibilityGlobals) = postSolution
		SolutionGuid = {EDBD21E2-5A9F-4140-B6E4-292AA921BE2A}
	EndGlobalSection
EndGlobal
